
Microsoft Visual Studio Solution File, Format Version 12.00
# Visual Studio 15
VisualStudioVersion = 15.0.27130.2036
MinimumVisualStudioVersion = 10.0.40219.1
Project("{FAE04EC0-301F-11D3-BF4B-00C04F79EFBC}") = "XFCameraMediaPluginSample.Android", "XFCameraMediaPluginSample\XFCameraMediaPluginSample.Android\XFCameraMediaPluginSample.Android.csproj", "{2CCAAF0F-EB02-4E87-B745-94A4895B1FFF}"
EndProject
Project("{FAE04EC0-301F-11D3-BF4B-00C04F79EFBC}") = "XFCameraMediaPluginSample.iOS", "XFCameraMediaPluginSample\XFCameraMediaPluginSample.iOS\XFCameraMediaPluginSample.iOS.csproj", "{87C9E597-CE90-41EB-908F-DDA0333B151F}"
EndProject
Project("{FAE04EC0-301F-11D3-BF4B-00C04F79EFBC}") = "XFCameraMediaPluginSample.UWP", "XFCameraMediaPluginSample\XFCameraMediaPluginSample.UWP\XFCameraMediaPluginSample.UWP.csproj", "{9066B327-3C40-4DD7-A6B2-5BBE704F703B}"
EndProject
Project("{FAE04EC0-301F-11D3-BF4B-00C04F79EFBC}") = "XFCameraMediaPluginSample", "XFCameraMediaPluginSample\XFCameraMediaPluginSample\XFCameraMediaPluginSample.csproj", "{935BBB2E-67F1-4619-9E05-217F73B4C1C9}"
EndProject
Global
	GlobalSection(SolutionConfigurationPlatforms) = preSolution
		Ad-Hoc|Any CPU = Ad-Hoc|Any CPU
		Ad-Hoc|ARM = Ad-Hoc|ARM
		Ad-Hoc|iPhone = Ad-Hoc|iPhone
		Ad-Hoc|iPhoneSimulator = Ad-Hoc|iPhoneSimulator
		Ad-Hoc|x64 = Ad-Hoc|x64
		Ad-Hoc|x86 = Ad-Hoc|x86
		AppStore|Any CPU = AppStore|Any CPU
		AppStore|ARM = AppStore|ARM
		AppStore|iPhone = AppStore|iPhone
		AppStore|iPhoneSimulator = AppStore|iPhoneSimulator
		AppStore|x64 = AppStore|x64
		AppStore|x86 = AppStore|x86
		Debug|Any CPU = Debug|Any CPU
		Debug|ARM = Debug|ARM
		Debug|iPhone = Debug|iPhone
		Debug|iPhoneSimulator = Debug|iPhoneSimulator
		Debug|x64 = Debug|x64
		Debug|x86 = Debug|x86
		Release|Any CPU = Release|Any CPU
		Release|ARM = Release|ARM
		Release|iPhone = Release|iPhone
		Release|iPhoneSimulator = Release|iPhoneSimulator
		Release|x64 = Release|x64
		Release|x86 = Release|x86
	EndGlobalSection
	GlobalSection(ProjectConfigurationPlatforms) = postSolution
		{2CCAAF0F-EB02-4E87-B745-94A4895B1FFF}.Ad-Hoc|Any CPU.ActiveCfg = Release|Any CPU
		{2CCAAF0F-EB02-4E87-B745-94A4895B1FFF}.Ad-Hoc|Any CPU.Build.0 = Release|Any CPU
		{2CCAAF0F-EB02-4E87-B745-94A4895B1FFF}.Ad-Hoc|Any CPU.Deploy.0 = Release|Any CPU
		{2CCAAF0F-EB02-4E87-B745-94A4895B1FFF}.Ad-Hoc|ARM.ActiveCfg = Release|Any CPU
		{2CCAAF0F-EB02-4E87-B745-94A4895B1FFF}.Ad-Hoc|ARM.Build.0 = Release|Any CPU
		{2CCAAF0F-EB02-4E87-B745-94A4895B1FFF}.Ad-Hoc|ARM.Deploy.0 = Release|Any CPU
		{2CCAAF0F-EB02-4E87-B745-94A4895B1FFF}.Ad-Hoc|iPhone.ActiveCfg = Release|Any CPU
		{2CCAAF0F-EB02-4E87-B745-94A4895B1FFF}.Ad-Hoc|iPhone.Build.0 = Release|Any CPU
		{2CCAAF0F-EB02-4E87-B745-94A4895B1FFF}.Ad-Hoc|iPhone.Deploy.0 = Release|Any CPU
		{2CCAAF0F-EB02-4E87-B745-94A4895B1FFF}.Ad-Hoc|iPhoneSimulator.ActiveCfg = Release|Any CPU
		{2CCAAF0F-EB02-4E87-B745-94A4895B1FFF}.Ad-Hoc|iPhoneSimulator.Build.0 = Release|Any CPU
		{2CCAAF0F-EB02-4E87-B745-94A4895B1FFF}.Ad-Hoc|iPhoneSimulator.Deploy.0 = Release|Any CPU
		{2CCAAF0F-EB02-4E87-B745-94A4895B1FFF}.Ad-Hoc|x64.ActiveCfg = Release|Any CPU
		{2CCAAF0F-EB02-4E87-B745-94A4895B1FFF}.Ad-Hoc|x64.Build.0 = Release|Any CPU
		{2CCAAF0F-EB02-4E87-B745-94A4895B1FFF}.Ad-Hoc|x64.Deploy.0 = Release|Any CPU
		{2CCAAF0F-EB02-4E87-B745-94A4895B1FFF}.Ad-Hoc|x86.ActiveCfg = Release|Any CPU
		{2CCAAF0F-EB02-4E87-B745-94A4895B1FFF}.Ad-Hoc|x86.Build.0 = Release|Any CPU
		{2CCAAF0F-EB02-4E87-B745-94A4895B1FFF}.Ad-Hoc|x86.Deploy.0 = Release|Any CPU
		{2CCAAF0F-EB02-4E87-B745-94A4895B1FFF}.AppStore|Any CPU.ActiveCfg = Release|Any CPU
		{2CCAAF0F-EB02-4E87-B745-94A4895B1FFF}.AppStore|Any CPU.Build.0 = Release|Any CPU
		{2CCAAF0F-EB02-4E87-B745-94A4895B1FFF}.AppStore|Any CPU.Deploy.0 = Release|Any CPU
		{2CCAAF0F-EB02-4E87-B745-94A4895B1FFF}.AppStore|ARM.ActiveCfg = Release|Any CPU
		{2CCAAF0F-EB02-4E87-B745-94A4895B1FFF}.AppStore|ARM.Build.0 = Release|Any CPU
		{2CCAAF0F-EB02-4E87-B745-94A4895B1FFF}.AppStore|ARM.Deploy.0 = Release|Any CPU
		{2CCAAF0F-EB02-4E87-B745-94A4895B1FFF}.AppStore|iPhone.ActiveCfg = Release|Any CPU
		{2CCAAF0F-EB02-4E87-B745-94A4895B1FFF}.AppStore|iPhone.Build.0 = Release|Any CPU
		{2CCAAF0F-EB02-4E87-B745-94A4895B1FFF}.AppStore|iPhone.Deploy.0 = Release|Any CPU
		{2CCAAF0F-EB02-4E87-B745-94A4895B1FFF}.AppStore|iPhoneSimulator.ActiveCfg = Release|Any CPU
		{2CCAAF0F-EB02-4E87-B745-94A4895B1FFF}.AppStore|iPhoneSimulator.Build.0 = Release|Any CPU
		{2CCAAF0F-EB02-4E87-B745-94A4895B1FFF}.AppStore|iPhoneSimulator.Deploy.0 = Release|Any CPU
		{2CCAAF0F-EB02-4E87-B745-94A4895B1FFF}.AppStore|x64.ActiveCfg = Release|Any CPU
		{2CCAAF0F-EB02-4E87-B745-94A4895B1FFF}.AppStore|x64.Build.0 = Release|Any CPU
		{2CCAAF0F-EB02-4E87-B745-94A4895B1FFF}.AppStore|x64.Deploy.0 = Release|Any CPU
		{2CCAAF0F-EB02-4E87-B745-94A4895B1FFF}.AppStore|x86.ActiveCfg = Release|Any CPU
		{2CCAAF0F-EB02-4E87-B745-94A4895B1FFF}.AppStore|x86.Build.0 = Release|Any CPU
		{2CCAAF0F-EB02-4E87-B745-94A4895B1FFF}.AppStore|x86.Deploy.0 = Release|Any CPU
		{2CCAAF0F-EB02-4E87-B745-94A4895B1FFF}.Debug|Any CPU.ActiveCfg = Debug|Any CPU
		{2CCAAF0F-EB02-4E87-B745-94A4895B1FFF}.Debug|Any CPU.Build.0 = Debug|Any CPU
		{2CCAAF0F-EB02-4E87-B745-94A4895B1FFF}.Debug|Any CPU.Deploy.0 = Debug|Any CPU
		{2CCAAF0F-EB02-4E87-B745-94A4895B1FFF}.Debug|ARM.ActiveCfg = Debug|Any CPU
		{2CCAAF0F-EB02-4E87-B745-94A4895B1FFF}.Debug|ARM.Build.0 = Debug|Any CPU
		{2CCAAF0F-EB02-4E87-B745-94A4895B1FFF}.Debug|ARM.Deploy.0 = Debug|Any CPU
		{2CCAAF0F-EB02-4E87-B745-94A4895B1FFF}.Debug|iPhone.ActiveCfg = Debug|Any CPU
		{2CCAAF0F-EB02-4E87-B745-94A4895B1FFF}.Debug|iPhone.Build.0 = Debug|Any CPU
		{2CCAAF0F-EB02-4E87-B745-94A4895B1FFF}.Debug|iPhone.Deploy.0 = Debug|Any CPU
		{2CCAAF0F-EB02-4E87-B745-94A4895B1FFF}.Debug|iPhoneSimulator.ActiveCfg = Debug|Any CPU
		{2CCAAF0F-EB02-4E87-B745-94A4895B1FFF}.Debug|iPhoneSimulator.Build.0 = Debug|Any CPU
		{2CCAAF0F-EB02-4E87-B745-94A4895B1FFF}.Debug|iPhoneSimulator.Deploy.0 = Debug|Any CPU
		{2CCAAF0F-EB02-4E87-B745-94A4895B1FFF}.Debug|x64.ActiveCfg = Debug|Any CPU
		{2CCAAF0F-EB02-4E87-B745-94A4895B1FFF}.Debug|x64.Build.0 = Debug|Any CPU
		{2CCAAF0F-EB02-4E87-B745-94A4895B1FFF}.Debug|x64.Deploy.0 = Debug|Any CPU
		{2CCAAF0F-EB02-4E87-B745-94A4895B1FFF}.Debug|x86.ActiveCfg = Debug|Any CPU
		{2CCAAF0F-EB02-4E87-B745-94A4895B1FFF}.Debug|x86.Build.0 = Debug|Any CPU
		{2CCAAF0F-EB02-4E87-B745-94A4895B1FFF}.Debug|x86.Deploy.0 = Debug|Any CPU
		{2CCAAF0F-EB02-4E87-B745-94A4895B1FFF}.Release|Any CPU.ActiveCfg = Release|Any CPU
		{2CCAAF0F-EB02-4E87-B745-94A4895B1FFF}.Release|Any CPU.Build.0 = Release|Any CPU
		{2CCAAF0F-EB02-4E87-B745-94A4895B1FFF}.Release|Any CPU.Deploy.0 = Release|Any CPU
		{2CCAAF0F-EB02-4E87-B745-94A4895B1FFF}.Release|ARM.ActiveCfg = Release|Any CPU
		{2CCAAF0F-EB02-4E87-B745-94A4895B1FFF}.Release|ARM.Build.0 = Release|Any CPU
		{2CCAAF0F-EB02-4E87-B745-94A4895B1FFF}.Release|ARM.Deploy.0 = Release|Any CPU
		{2CCAAF0F-EB02-4E87-B745-94A4895B1FFF}.Release|iPhone.ActiveCfg = Release|Any CPU
		{2CCAAF0F-EB02-4E87-B745-94A4895B1FFF}.Release|iPhone.Build.0 = Release|Any CPU
		{2CCAAF0F-EB02-4E87-B745-94A4895B1FFF}.Release|iPhone.Deploy.0 = Release|Any CPU
		{2CCAAF0F-EB02-4E87-B745-94A4895B1FFF}.Release|iPhoneSimulator.ActiveCfg = Release|Any CPU
		{2CCAAF0F-EB02-4E87-B745-94A4895B1FFF}.Release|iPhoneSimulator.Build.0 = Release|Any CPU
		{2CCAAF0F-EB02-4E87-B745-94A4895B1FFF}.Release|iPhoneSimulator.Deploy.0 = Release|Any CPU
		{2CCAAF0F-EB02-4E87-B745-94A4895B1FFF}.Release|x64.ActiveCfg = Release|Any CPU
		{2CCAAF0F-EB02-4E87-B745-94A4895B1FFF}.Release|x64.Build.0 = Release|Any CPU
		{2CCAAF0F-EB02-4E87-B745-94A4895B1FFF}.Release|x64.Deploy.0 = Release|Any CPU
		{2CCAAF0F-EB02-4E87-B745-94A4895B1FFF}.Release|x86.ActiveCfg = Release|Any CPU
		{2CCAAF0F-EB02-4E87-B745-94A4895B1FFF}.Release|x86.Build.0 = Release|Any CPU
		{2CCAAF0F-EB02-4E87-B745-94A4895B1FFF}.Release|x86.Deploy.0 = Release|Any CPU
		{87C9E597-CE90-41EB-908F-DDA0333B151F}.Ad-Hoc|Any CPU.ActiveCfg = Ad-Hoc|iPhone
		{87C9E597-CE90-41EB-908F-DDA0333B151F}.Ad-Hoc|ARM.ActiveCfg = Ad-Hoc|iPhone
		{87C9E597-CE90-41EB-908F-DDA0333B151F}.Ad-Hoc|iPhone.ActiveCfg = Ad-Hoc|iPhone
		{87C9E597-CE90-41EB-908F-DDA0333B151F}.Ad-Hoc|iPhone.Build.0 = Ad-Hoc|iPhone
		{87C9E597-CE90-41EB-908F-DDA0333B151F}.Ad-Hoc|iPhoneSimulator.ActiveCfg = Ad-Hoc|iPhoneSimulator
		{87C9E597-CE90-41EB-908F-DDA0333B151F}.Ad-Hoc|iPhoneSimulator.Build.0 = Ad-Hoc|iPhoneSimulator
		{87C9E597-CE90-41EB-908F-DDA0333B151F}.Ad-Hoc|x64.ActiveCfg = Ad-Hoc|iPhone
		{87C9E597-CE90-41EB-908F-DDA0333B151F}.Ad-Hoc|x86.ActiveCfg = Ad-Hoc|iPhone
		{87C9E597-CE90-41EB-908F-DDA0333B151F}.AppStore|Any CPU.ActiveCfg = AppStore|iPhone
		{87C9E597-CE90-41EB-908F-DDA0333B151F}.AppStore|ARM.ActiveCfg = AppStore|iPhone
		{87C9E597-CE90-41EB-908F-DDA0333B151F}.AppStore|iPhone.ActiveCfg = AppStore|iPhone
		{87C9E597-CE90-41EB-908F-DDA0333B151F}.AppStore|iPhone.Build.0 = AppStore|iPhone
		{87C9E597-CE90-41EB-908F-DDA0333B151F}.AppStore|iPhoneSimulator.ActiveCfg = AppStore|iPhoneSimulator
		{87C9E597-CE90-41EB-908F-DDA0333B151F}.AppStore|iPhoneSimulator.Build.0 = AppStore|iPhoneSimulator
		{87C9E597-CE90-41EB-908F-DDA0333B151F}.AppStore|x64.ActiveCfg = AppStore|iPhone
		{87C9E597-CE90-41EB-908F-DDA0333B151F}.AppStore|x86.ActiveCfg = AppStore|iPhone
		{87C9E597-CE90-41EB-908F-DDA0333B151F}.Debug|Any CPU.ActiveCfg = Debug|iPhone
		{87C9E597-CE90-41EB-908F-DDA0333B151F}.Debug|ARM.ActiveCfg = Debug|iPhone
		{87C9E597-CE90-41EB-908F-DDA0333B151F}.Debug|iPhone.ActiveCfg = Debug|iPhone
		{87C9E597-CE90-41EB-908F-DDA0333B151F}.Debug|iPhone.Build.0 = Debug|iPhone
		{87C9E597-CE90-41EB-908F-DDA0333B151F}.Debug|iPhoneSimulator.ActiveCfg = Debug|iPhoneSimulator
		{87C9E597-CE90-41EB-908F-DDA0333B151F}.Debug|iPhoneSimulator.Build.0 = Debug|iPhoneSimulator
		{87C9E597-CE90-41EB-908F-DDA0333B151F}.Debug|x64.ActiveCfg = Debug|iPhone
		{87C9E597-CE90-41EB-908F-DDA0333B151F}.Debug|x86.ActiveCfg = Debug|iPhone
		{87C9E597-CE90-41EB-908F-DDA0333B151F}.Release|Any CPU.ActiveCfg = Release|iPhone
		{87C9E597-CE90-41EB-908F-DDA0333B151F}.Release|ARM.ActiveCfg = Release|iPhone
		{87C9E597-CE90-41EB-908F-DDA0333B151F}.Release|iPhone.ActiveCfg = Release|iPhone
		{87C9E597-CE90-41EB-908F-DDA0333B151F}.Release|iPhone.Build.0 = Release|iPhone
		{87C9E597-CE90-41EB-908F-DDA0333B151F}.Release|iPhoneSimulator.ActiveCfg = Release|iPhoneSimulator
		{87C9E597-CE90-41EB-908F-DDA0333B151F}.Release|iPhoneSimulator.Build.0 = Release|iPhoneSimulator
		{87C9E597-CE90-41EB-908F-DDA0333B151F}.Release|x64.ActiveCfg = Release|iPhone
		{87C9E597-CE90-41EB-908F-DDA0333B151F}.Release|x86.ActiveCfg = Release|iPhone
		{9066B327-3C40-4DD7-A6B2-5BBE704F703B}.Ad-Hoc|Any CPU.ActiveCfg = Release|x86
		{9066B327-3C40-4DD7-A6B2-5BBE704F703B}.Ad-Hoc|Any CPU.Build.0 = Release|x86
		{9066B327-3C40-4DD7-A6B2-5BBE704F703B}.Ad-Hoc|Any CPU.Deploy.0 = Release|x86
		{9066B327-3C40-4DD7-A6B2-5BBE704F703B}.Ad-Hoc|ARM.ActiveCfg = Release|ARM
		{9066B327-3C40-4DD7-A6B2-5BBE704F703B}.Ad-Hoc|ARM.Build.0 = Release|ARM
		{9066B327-3C40-4DD7-A6B2-5BBE704F703B}.Ad-Hoc|ARM.Deploy.0 = Release|ARM
		{9066B327-3C40-4DD7-A6B2-5BBE704F703B}.Ad-Hoc|iPhone.ActiveCfg = Release|x86
		{9066B327-3C40-4DD7-A6B2-5BBE704F703B}.Ad-Hoc|iPhone.Build.0 = Release|x86
		{9066B327-3C40-4DD7-A6B2-5BBE704F703B}.Ad-Hoc|iPhone.Deploy.0 = Release|x86
		{9066B327-3C40-4DD7-A6B2-5BBE704F703B}.Ad-Hoc|iPhoneSimulator.ActiveCfg = Release|x86
		{9066B327-3C40-4DD7-A6B2-5BBE704F703B}.Ad-Hoc|iPhoneSimulator.Build.0 = Release|x86
		{9066B327-3C40-4DD7-A6B2-5BBE704F703B}.Ad-Hoc|iPhoneSimulator.Deploy.0 = Release|x86
		{9066B327-3C40-4DD7-A6B2-5BBE704F703B}.Ad-Hoc|x64.ActiveCfg = Release|x64
		{9066B327-3C40-4DD7-A6B2-5BBE704F703B}.Ad-Hoc|x64.Build.0 = Release|x64
		{9066B327-3C40-4DD7-A6B2-5BBE704F703B}.Ad-Hoc|x64.Deploy.0 = Release|x64
		{9066B327-3C40-4DD7-A6B2-5BBE704F703B}.Ad-Hoc|x86.ActiveCfg = Release|x86
		{9066B327-3C40-4DD7-A6B2-5BBE704F703B}.Ad-Hoc|x86.Build.0 = Release|x86
		{9066B327-3C40-4DD7-A6B2-5BBE704F703B}.Ad-Hoc|x86.Deploy.0 = Release|x86
		{9066B327-3C40-4DD7-A6B2-5BBE704F703B}.AppStore|Any CPU.ActiveCfg = Release|x86
		{9066B327-3C40-4DD7-A6B2-5BBE704F703B}.AppStore|Any CPU.Build.0 = Release|x86
		{9066B327-3C40-4DD7-A6B2-5BBE704F703B}.AppStore|Any CPU.Deploy.0 = Release|x86
		{9066B327-3C40-4DD7-A6B2-5BBE704F703B}.AppStore|ARM.ActiveCfg = Release|ARM
		{9066B327-3C40-4DD7-A6B2-5BBE704F703B}.AppStore|ARM.Build.0 = Release|ARM
		{9066B327-3C40-4DD7-A6B2-5BBE704F703B}.AppStore|ARM.Deploy.0 = Release|ARM
		{9066B327-3C40-4DD7-A6B2-5BBE704F703B}.AppStore|iPhone.ActiveCfg = Release|x86
		{9066B327-3C40-4DD7-A6B2-5BBE704F703B}.AppStore|iPhone.Build.0 = Release|x86
		{9066B327-3C40-4DD7-A6B2-5BBE704F703B}.AppStore|iPhone.Deploy.0 = Release|x86
		{9066B327-3C40-4DD7-A6B2-5BBE704F703B}.AppStore|iPhoneSimulator.ActiveCfg = Release|x86
		{9066B327-3C40-4DD7-A6B2-5BBE704F703B}.AppStore|iPhoneSimulator.Build.0 = Release|x86
		{9066B327-3C40-4DD7-A6B2-5BBE704F703B}.AppStore|iPhoneSimulator.Deploy.0 = Release|x86
		{9066B327-3C40-4DD7-A6B2-5BBE704F703B}.AppStore|x64.ActiveCfg = Release|x64
		{9066B327-3C40-4DD7-A6B2-5BBE704F703B}.AppStore|x64.Build.0 = Release|x64
		{9066B327-3C40-4DD7-A6B2-5BBE704F703B}.AppStore|x64.Deploy.0 = Release|x64
		{9066B327-3C40-4DD7-A6B2-5BBE704F703B}.AppStore|x86.ActiveCfg = Release|x86
		{9066B327-3C40-4DD7-A6B2-5BBE704F703B}.AppStore|x86.Build.0 = Release|x86
		{9066B327-3C40-4DD7-A6B2-5BBE704F703B}.AppStore|x86.Deploy.0 = Release|x86
		{9066B327-3C40-4DD7-A6B2-5BBE704F703B}.Debug|Any CPU.ActiveCfg = Debug|x86
		{9066B327-3C40-4DD7-A6B2-5BBE704F703B}.Debug|ARM.ActiveCfg = Debug|ARM
		{9066B327-3C40-4DD7-A6B2-5BBE704F703B}.Debug|ARM.Build.0 = Debug|ARM
		{9066B327-3C40-4DD7-A6B2-5BBE704F703B}.Debug|ARM.Deploy.0 = Debug|ARM
		{9066B327-3C40-4DD7-A6B2-5BBE704F703B}.Debug|iPhone.ActiveCfg = Debug|x86
		{9066B327-3C40-4DD7-A6B2-5BBE704F703B}.Debug|iPhoneSimulator.ActiveCfg = Debug|x86
		{9066B327-3C40-4DD7-A6B2-5BBE704F703B}.Debug|x64.ActiveCfg = Debug|x64
		{9066B327-3C40-4DD7-A6B2-5BBE704F703B}.Debug|x64.Build.0 = Debug|x64
		{9066B327-3C40-4DD7-A6B2-5BBE704F703B}.Debug|x64.Deploy.0 = Debug|x64
		{9066B327-3C40-4DD7-A6B2-5BBE704F703B}.Debug|x86.ActiveCfg = Debug|x86
		{9066B327-3C40-4DD7-A6B2-5BBE704F703B}.Debug|x86.Build.0 = Debug|x86
		{9066B327-3C40-4DD7-A6B2-5BBE704F703B}.Debug|x86.Deploy.0 = Debug|x86
		{9066B327-3C40-4DD7-A6B2-5BBE704F703B}.Release|Any CPU.ActiveCfg = Release|x86
		{9066B327-3C40-4DD7-A6B2-5BBE704F703B}.Release|ARM.ActiveCfg = Release|ARM
		{9066B327-3C40-4DD7-A6B2-5BBE704F703B}.Release|ARM.Build.0 = Release|ARM
		{9066B327-3C40-4DD7-A6B2-5BBE704F703B}.Release|ARM.Deploy.0 = Release|ARM
		{9066B327-3C40-4DD7-A6B2-5BBE704F703B}.Release|iPhone.ActiveCfg = Release|x86
		{9066B327-3C40-4DD7-A6B2-5BBE704F703B}.Release|iPhoneSimulator.ActiveCfg = Release|x86
		{9066B327-3C40-4DD7-A6B2-5BBE704F703B}.Release|x64.ActiveCfg = Release|x64
		{9066B327-3C40-4DD7-A6B2-5BBE704F703B}.Release|x64.Build.0 = Release|x64
		{9066B327-3C40-4DD7-A6B2-5BBE704F703B}.Release|x64.Deploy.0 = Release|x64
		{9066B327-3C40-4DD7-A6B2-5BBE704F703B}.Release|x86.ActiveCfg = Release|x86
		{9066B327-3C40-4DD7-A6B2-5BBE704F703B}.Release|x86.Build.0 = Release|x86
		{9066B327-3C40-4DD7-A6B2-5BBE704F703B}.Release|x86.Deploy.0 = Release|x86
		{935BBB2E-67F1-4619-9E05-217F73B4C1C9}.Ad-Hoc|Any CPU.ActiveCfg = Debug|Any CPU
		{935BBB2E-67F1-4619-9E05-217F73B4C1C9}.Ad-Hoc|Any CPU.Build.0 = Debug|Any CPU
		{935BBB2E-67F1-4619-9E05-217F73B4C1C9}.Ad-Hoc|ARM.ActiveCfg = Debug|Any CPU
		{935BBB2E-67F1-4619-9E05-217F73B4C1C9}.Ad-Hoc|ARM.Build.0 = Debug|Any CPU
		{935BBB2E-67F1-4619-9E05-217F73B4C1C9}.Ad-Hoc|iPhone.ActiveCfg = Debug|Any CPU
		{935BBB2E-67F1-4619-9E05-217F73B4C1C9}.Ad-Hoc|iPhone.Build.0 = Debug|Any CPU
		{935BBB2E-67F1-4619-9E05-217F73B4C1C9}.Ad-Hoc|iPhoneSimulator.ActiveCfg = Debug|Any CPU
		{935BBB2E-67F1-4619-9E05-217F73B4C1C9}.Ad-Hoc|iPhoneSimulator.Build.0 = Debug|Any CPU
		{935BBB2E-67F1-4619-9E05-217F73B4C1C9}.Ad-Hoc|x64.ActiveCfg = Debug|Any CPU
		{935BBB2E-67F1-4619-9E05-217F73B4C1C9}.Ad-Hoc|x64.Build.0 = Debug|Any CPU
		{935BBB2E-67F1-4619-9E05-217F73B4C1C9}.Ad-Hoc|x86.ActiveCfg = Debug|Any CPU
		{935BBB2E-67F1-4619-9E05-217F73B4C1C9}.Ad-Hoc|x86.Build.0 = Debug|Any CPU
		{935BBB2E-67F1-4619-9E05-217F73B4C1C9}.AppStore|Any CPU.ActiveCfg = Debug|Any CPU
		{935BBB2E-67F1-4619-9E05-217F73B4C1C9}.AppStore|Any CPU.Build.0 = Debug|Any CPU
		{935BBB2E-67F1-4619-9E05-217F73B4C1C9}.AppStore|ARM.ActiveCfg = Debug|Any CPU
		{935BBB2E-67F1-4619-9E05-217F73B4C1C9}.AppStore|ARM.Build.0 = Debug|Any CPU
		{935BBB2E-67F1-4619-9E05-217F73B4C1C9}.AppStore|iPhone.ActiveCfg = Debug|Any CPU
		{935BBB2E-67F1-4619-9E05-217F73B4C1C9}.AppStore|iPhone.Build.0 = Debug|Any CPU
		{935BBB2E-67F1-4619-9E05-217F73B4C1C9}.AppStore|iPhoneSimulator.ActiveCfg = Debug|Any CPU
		{935BBB2E-67F1-4619-9E05-217F73B4C1C9}.AppStore|iPhoneSimulator.Build.0 = Debug|Any CPU
		{935BBB2E-67F1-4619-9E05-217F73B4C1C9}.AppStore|x64.ActiveCfg = Debug|Any CPU
		{935BBB2E-67F1-4619-9E05-217F73B4C1C9}.AppStore|x64.Build.0 = Debug|Any CPU
		{935BBB2E-67F1-4619-9E05-217F73B4C1C9}.AppStore|x86.ActiveCfg = Debug|Any CPU
		{935BBB2E-67F1-4619-9E05-217F73B4C1C9}.AppStore|x86.Build.0 = Debug|Any CPU
		{935BBB2E-67F1-4619-9E05-217F73B4C1C9}.Debug|Any CPU.ActiveCfg = Debug|Any CPU
		{935BBB2E-67F1-4619-9E05-217F73B4C1C9}.Debug|Any CPU.Build.0 = Debug|Any CPU
		{935BBB2E-67F1-4619-9E05-217F73B4C1C9}.Debug|ARM.ActiveCfg = Debug|Any CPU
		{935BBB2E-67F1-4619-9E05-217F73B4C1C9}.Debug|ARM.Build.0 = Debug|Any CPU
		{935BBB2E-67F1-4619-9E05-217F73B4C1C9}.Debug|iPhone.ActiveCfg = Debug|Any CPU
		{935BBB2E-67F1-4619-9E05-217F73B4C1C9}.Debug|iPhone.Build.0 = Debug|Any CPU
		{935BBB2E-67F1-4619-9E05-217F73B4C1C9}.Debug|iPhoneSimulator.ActiveCfg = Debug|Any CPU
		{935BBB2E-67F1-4619-9E05-217F73B4C1C9}.Debug|iPhoneSimulator.Build.0 = Debug|Any CPU
		{935BBB2E-67F1-4619-9E05-217F73B4C1C9}.Debug|x64.ActiveCfg = Debug|Any CPU
		{935BBB2E-67F1-4619-9E05-217F73B4C1C9}.Debug|x64.Build.0 = Debug|Any CPU
		{935BBB2E-67F1-4619-9E05-217F73B4C1C9}.Debug|x86.ActiveCfg = Debug|Any CPU
		{935BBB2E-67F1-4619-9E05-217F73B4C1C9}.Debug|x86.Build.0 = Debug|Any CPU
		{935BBB2E-67F1-4619-9E05-217F73B4C1C9}.Release|Any CPU.ActiveCfg = Release|Any CPU
		{935BBB2E-67F1-4619-9E05-217F73B4C1C9}.Release|Any CPU.Build.0 = Release|Any CPU
		{935BBB2E-67F1-4619-9E05-217F73B4C1C9}.Release|ARM.ActiveCfg = Release|Any CPU
		{935BBB2E-67F1-4619-9E05-217F73B4C1C9}.Release|ARM.Build.0 = Release|Any CPU
		{935BBB2E-67F1-4619-9E05-217F73B4C1C9}.Release|iPhone.ActiveCfg = Release|Any CPU
		{935BBB2E-67F1-4619-9E05-217F73B4C1C9}.Release|iPhone.Build.0 = Release|Any CPU
		{935BBB2E-67F1-4619-9E05-217F73B4C1C9}.Release|iPhoneSimulator.ActiveCfg = Release|Any CPU
		{935BBB2E-67F1-4619-9E05-217F73B4C1C9}.Release|iPhoneSimulator.Build.0 = Release|Any CPU
		{935BBB2E-67F1-4619-9E05-217F73B4C1C9}.Release|x64.ActiveCfg = Release|Any CPU
		{935BBB2E-67F1-4619-9E05-217F73B4C1C9}.Release|x64.Build.0 = Release|Any CPU
		{935BBB2E-67F1-4619-9E05-217F73B4C1C9}.Release|x86.ActiveCfg = Release|Any CPU
		{935BBB2E-67F1-4619-9E05-217F73B4C1C9}.Release|x86.Build.0 = Release|Any CPU
	EndGlobalSection
	GlobalSection(SolutionProperties) = preSolution
		HideSolutionNode = FALSE
	EndGlobalSection
	GlobalSection(ExtensibilityGlobals) = postSolution
		SolutionGuid = {692EF7C9-B66D-40B4-8266-CFA4F578D79F}
	EndGlobalSection
EndGlobal
